// !$*UTF8*$!
{
	archiveVersion = 1;
	classes = {
	};
	objectVersion = 46;
	objects = {

/* Begin PBXBuildFile section */
		AB09E69E1A21EA51008A3D6B /* VRURLConnectionChecker.h in Headers */ = {isa = PBXBuildFile; fileRef = AB09E69C1A21EA51008A3D6B /* VRURLConnectionChecker.h */; };
		AB09E69F1A21EA51008A3D6B /* VRURLConnectionChecker.m in Sources */ = {isa = PBXBuildFile; fileRef = AB09E69D1A21EA51008A3D6B /* VRURLConnectionChecker.m */; };
		AB09E6A01A21EA51008A3D6B /* VRURLConnectionChecker.m in Sources */ = {isa = PBXBuildFile; fileRef = AB09E69D1A21EA51008A3D6B /* VRURLConnectionChecker.m */; };
		AB09E6A31A21EA6A008A3D6B /* VRProtocolConformation.h in Headers */ = {isa = PBXBuildFile; fileRef = AB09E6A11A21EA6A008A3D6B /* VRProtocolConformation.h */; };
		AB09E6A41A21EA6A008A3D6B /* VRProtocolConformation.m in Sources */ = {isa = PBXBuildFile; fileRef = AB09E6A21A21EA6A008A3D6B /* VRProtocolConformation.m */; };
		AB09E6A51A21EA6A008A3D6B /* VRProtocolConformation.m in Sources */ = {isa = PBXBuildFile; fileRef = AB09E6A21A21EA6A008A3D6B /* VRProtocolConformation.m */; };
		AB09E6A81A21EA75008A3D6B /* NSObject+VRPropertiesProcessing.h in Headers */ = {isa = PBXBuildFile; fileRef = AB09E6A61A21EA75008A3D6B /* NSObject+VRPropertiesProcessing.h */; };
		AB09E6A91A21EA75008A3D6B /* NSObject+VRPropertiesProcessing.m in Sources */ = {isa = PBXBuildFile; fileRef = AB09E6A71A21EA75008A3D6B /* NSObject+VRPropertiesProcessing.m */; };
		AB09E6AA1A21EA75008A3D6B /* NSObject+VRPropertiesProcessing.m in Sources */ = {isa = PBXBuildFile; fileRef = AB09E6A71A21EA75008A3D6B /* NSObject+VRPropertiesProcessing.m */; };
		AB09E6B01A21EA9D008A3D6B /* NSArray+VRArgument.m in Sources */ = {isa = PBXBuildFile; fileRef = AB09E6AE1A21EA9D008A3D6B /* NSArray+VRArgument.m */; };
		AB09E6B11A21EA9D008A3D6B /* NSArray+VRArgument.m in Sources */ = {isa = PBXBuildFile; fileRef = AB09E6AE1A21EA9D008A3D6B /* NSArray+VRArgument.m */; };
		AB10F5B718C4B1A50008A076 /* NSBundle+VRDisplayName.m in Sources */ = {isa = PBXBuildFile; fileRef = AB10F5B618C4B1A50008A076 /* NSBundle+VRDisplayName.m */; };
		AB3CA4AD18B768EA0079964E /* VRFoundationToolkit.h in CopyFiles */ = {isa = PBXBuildFile; fileRef = AB3CA4AC18B768EA0079964E /* VRFoundationToolkit.h */; };
		AB3CA4E218B770470079964E /* NSFileManager+VRDocumentsDirectory.m in Sources */ = {isa = PBXBuildFile; fileRef = AB3CA4E118B770470079964E /* NSFileManager+VRDocumentsDirectory.m */; };
		AB3CA4EA18B775F00079964E /* NSDate+VRDurations.m in Sources */ = {isa = PBXBuildFile; fileRef = AB3CA4E918B775F00079964E /* NSDate+VRDurations.m */; };
		AB3CA4EE18B776DE0079964E /* NSString+VRMd5.m in Sources */ = {isa = PBXBuildFile; fileRef = AB3CA4ED18B776DE0079964E /* NSString+VRMd5.m */; };
		AB3CA56118B785200079964E /* NSArray+VRCheckMembers.m in Sources */ = {isa = PBXBuildFile; fileRef = AB3CA56018B785200079964E /* NSArray+VRCheckMembers.m */; };
		AB3CA58718B796A10079964E /* NSMutableDictionary+VRExchangeKeys.m in Sources */ = {isa = PBXBuildFile; fileRef = AB3CA58618B796A10079964E /* NSMutableDictionary+VRExchangeKeys.m */; };
		AB3CA58A18B797AA0079964E /* NSMutableDictionary+VRExchangeKeys.h in CopyFiles */ = {isa = PBXBuildFile; fileRef = AB3CA58518B796A10079964E /* NSMutableDictionary+VRExchangeKeys.h */; };
		AB3CA58B18B797AA0079964E /* NSArray+VRCheckMembers.h in CopyFiles */ = {isa = PBXBuildFile; fileRef = AB3CA55F18B785200079964E /* NSArray+VRCheckMembers.h */; };
		AB3CA58C18B797AA0079964E /* NSString+VRMd5.h in CopyFiles */ = {isa = PBXBuildFile; fileRef = AB3CA4EC18B776DE0079964E /* NSString+VRMd5.h */; };
		AB3CA58D18B797AA0079964E /* NSDate+VRDurations.h in CopyFiles */ = {isa = PBXBuildFile; fileRef = AB3CA4E818B775F00079964E /* NSDate+VRDurations.h */; };
		AB3CA58E18B797AA0079964E /* NSFileManager+VRDocumentsDirectory.h in CopyFiles */ = {isa = PBXBuildFile; fileRef = AB3CA4E018B770470079964E /* NSFileManager+VRDocumentsDirectory.h */; };
		AB3CA59118B797AA0079964E /* NSCoder+VRKeyName.h in CopyFiles */ = {isa = PBXBuildFile; fileRef = AB3CA4E318B7714A0079964E /* NSCoder+VRKeyName.h */; };
		AB71F4C51A0748510074AB6C /* VRComparison.m in Sources */ = {isa = PBXBuildFile; fileRef = AB71F4C41A0748510074AB6C /* VRComparison.m */; };
		AB904B981C2C1AC80033B113 /* RTProtocol+VRMethods.h in Headers */ = {isa = PBXBuildFile; fileRef = AB904B961C2C1AC80033B113 /* RTProtocol+VRMethods.h */; };
		AB904B991C2C1AC80033B113 /* RTProtocol+VRMethods.m in Sources */ = {isa = PBXBuildFile; fileRef = AB904B971C2C1AC80033B113 /* RTProtocol+VRMethods.m */; };
		AB904B9A1C2C1AC80033B113 /* RTProtocol+VRMethods.m in Sources */ = {isa = PBXBuildFile; fileRef = AB904B971C2C1AC80033B113 /* RTProtocol+VRMethods.m */; };
		AB907BA118DA138400223363 /* NSMutableDictionary+VRExchangeKeys.m in Sources */ = {isa = PBXBuildFile; fileRef = AB3CA58618B796A10079964E /* NSMutableDictionary+VRExchangeKeys.m */; };
		AB907BA218DA138400223363 /* NSArray+VRCheckMembers.m in Sources */ = {isa = PBXBuildFile; fileRef = AB3CA56018B785200079964E /* NSArray+VRCheckMembers.m */; };
		AB907BA318DA138400223363 /* NSString+VRMd5.m in Sources */ = {isa = PBXBuildFile; fileRef = AB3CA4ED18B776DE0079964E /* NSString+VRMd5.m */; };
		AB907BA418DA138400223363 /* NSDate+VRDurations.m in Sources */ = {isa = PBXBuildFile; fileRef = AB3CA4E918B775F00079964E /* NSDate+VRDurations.m */; };
		AB907BA518DA138400223363 /* NSFileManager+VRDocumentsDirectory.m in Sources */ = {isa = PBXBuildFile; fileRef = AB3CA4E118B770470079964E /* NSFileManager+VRDocumentsDirectory.m */; };
		AB907BA818DA138400223363 /* NSBundle+VRDisplayName.m in Sources */ = {isa = PBXBuildFile; fileRef = AB10F5B618C4B1A50008A076 /* NSBundle+VRDisplayName.m */; };
		AB993EE91B10833B00EF4A61 /* NSOperationQueue+VRNamedBlock.m in Sources */ = {isa = PBXBuildFile; fileRef = AB993EE81B10833B00EF4A61 /* NSOperationQueue+VRNamedBlock.m */; };
		AB993EEC1B10935200EF4A61 /* VRComparison.h in Headers */ = {isa = PBXBuildFile; fileRef = AB71F4C31A0748450074AB6C /* VRComparison.h */; };
		AB993EED1B10935500EF4A61 /* VRComparison.m in Sources */ = {isa = PBXBuildFile; fileRef = AB71F4C41A0748510074AB6C /* VRComparison.m */; };
		AB993EEE1B10935900EF4A61 /* NSOperationQueue+VRNamedBlock.h in Headers */ = {isa = PBXBuildFile; fileRef = AB993EE71B10833B00EF4A61 /* NSOperationQueue+VRNamedBlock.h */; };
		AB993EEF1B10935B00EF4A61 /* NSOperationQueue+VRNamedBlock.m in Sources */ = {isa = PBXBuildFile; fileRef = AB993EE81B10833B00EF4A61 /* NSOperationQueue+VRNamedBlock.m */; };
		AB993EF01B10936D00EF4A61 /* NSMutableDictionary+VRExchangeKeys.h in Headers */ = {isa = PBXBuildFile; fileRef = AB3CA58518B796A10079964E /* NSMutableDictionary+VRExchangeKeys.h */; };
		AB993EF11B10937600EF4A61 /* NSArray+VRCheckMembers.h in Headers */ = {isa = PBXBuildFile; fileRef = AB3CA55F18B785200079964E /* NSArray+VRCheckMembers.h */; };
		AB993EF21B10937A00EF4A61 /* NSArray+VRArgument.h in Headers */ = {isa = PBXBuildFile; fileRef = AB09E6AD1A21EA9D008A3D6B /* NSArray+VRArgument.h */; };
		AB993EF31B10937E00EF4A61 /* NSArray+VRIndexes.h in Headers */ = {isa = PBXBuildFile; fileRef = ABD0DCA61A8B50D9003F5A2D /* NSArray+VRIndexes.h */; };
		AB993EF41B10938100EF4A61 /* NSArray+VRIndexes.m in Sources */ = {isa = PBXBuildFile; fileRef = ABD0DCA71A8B50D9003F5A2D /* NSArray+VRIndexes.m */; };
		AB993EF51B10938500EF4A61 /* NSString+VRMd5.h in Headers */ = {isa = PBXBuildFile; fileRef = AB3CA4EC18B776DE0079964E /* NSString+VRMd5.h */; };
		AB993EF61B10938900EF4A61 /* NSDate+VRDurations.h in Headers */ = {isa = PBXBuildFile; fileRef = AB3CA4E818B775F00079964E /* NSDate+VRDurations.h */; };
		AB993EF71B10938E00EF4A61 /* NSFileManager+VRDocumentsDirectory.h in Headers */ = {isa = PBXBuildFile; fileRef = AB3CA4E018B770470079964E /* NSFileManager+VRDocumentsDirectory.h */; };
		AB993EF91B1093A100EF4A61 /* NSBundle+VRDisplayName.h in Headers */ = {isa = PBXBuildFile; fileRef = AB10F5B518C4B1A50008A076 /* NSBundle+VRDisplayName.h */; };
		AB993EFA1B1093AD00EF4A61 /* VRLog.h in Headers */ = {isa = PBXBuildFile; fileRef = AB09E6AB1A21EA82008A3D6B /* VRLog.h */; };
		AB993EFB1B1093AE00EF4A61 /* VREnum.h in Headers */ = {isa = PBXBuildFile; fileRef = AB352E1818CCDA6500F6C8B6 /* VREnum.h */; };
		AB993EFC1B1093AE00EF4A61 /* VRTypeOf.h in Headers */ = {isa = PBXBuildFile; fileRef = AB3DC1241923841E0067DFD3 /* VRTypeOf.h */; };
		AB993EFD1B1093AE00EF4A61 /* NSCoder+VRKeyName.h in Headers */ = {isa = PBXBuildFile; fileRef = AB3CA4E318B7714A0079964E /* NSCoder+VRKeyName.h */; };
		AB993EFE1B1093AE00EF4A61 /* VRSingleton.h in Headers */ = {isa = PBXBuildFile; fileRef = ABC9BF2818B9A0F800C6566F /* VRSingleton.h */; };
		AB993EFF1B1093AE00EF4A61 /* VRBundledName.h in Headers */ = {isa = PBXBuildFile; fileRef = AB191D8E1AF25B1A00848990 /* VRBundledName.h */; };
		ABD0DCA81A8B50D9003F5A2D /* NSArray+VRIndexes.m in Sources */ = {isa = PBXBuildFile; fileRef = ABD0DCA71A8B50D9003F5A2D /* NSArray+VRIndexes.m */; };
		ABF24FC81935D10500236CE6 /* NSTimer+VRWithBlock.h in Headers */ = {isa = PBXBuildFile; fileRef = ABF24FC61935D10500236CE6 /* NSTimer+VRWithBlock.h */; };
		ABF24FC91935D10500236CE6 /* NSTimer+VRWithBlock.m in Sources */ = {isa = PBXBuildFile; fileRef = ABF24FC71935D10500236CE6 /* NSTimer+VRWithBlock.m */; };
		ABF24FCA1935D10500236CE6 /* NSTimer+VRWithBlock.m in Sources */ = {isa = PBXBuildFile; fileRef = ABF24FC71935D10500236CE6 /* NSTimer+VRWithBlock.m */; };
/* End PBXBuildFile section */

/* Begin PBXCopyFilesBuildPhase section */
		AB3CA4A218B768EA0079964E /* CopyFiles */ = {
			isa = PBXCopyFilesBuildPhase;
			buildActionMask = 2147483647;
			dstPath = "include/$(PRODUCT_NAME)";
			dstSubfolderSpec = 16;
			files = (
				AB3CA58A18B797AA0079964E /* NSMutableDictionary+VRExchangeKeys.h in CopyFiles */,
				AB3CA58B18B797AA0079964E /* NSArray+VRCheckMembers.h in CopyFiles */,
				AB3CA58C18B797AA0079964E /* NSString+VRMd5.h in CopyFiles */,
				AB3CA58D18B797AA0079964E /* NSDate+VRDurations.h in CopyFiles */,
				AB3CA58E18B797AA0079964E /* NSFileManager+VRDocumentsDirectory.h in CopyFiles */,
				AB3CA59118B797AA0079964E /* NSCoder+VRKeyName.h in CopyFiles */,
				AB3CA4AD18B768EA0079964E /* VRFoundationToolkit.h in CopyFiles */,
			);
			runOnlyForDeploymentPostprocessing = 0;
		};
/* End PBXCopyFilesBuildPhase section */

/* Begin PBXFileReference section */
		AB00F0611B47C60B0029EE47 /* VRRandom.h */ = {isa = PBXFileReference; lastKnownFileType = sourcecode.c.h; path = VRRandom.h; sourceTree = "<group>"; };
		AB09E69C1A21EA51008A3D6B /* VRURLConnectionChecker.h */ = {isa = PBXFileReference; fileEncoding = 4; lastKnownFileType = sourcecode.c.h; name = VRURLConnectionChecker.h; path = VRURLConnectionChecker/VRURLConnectionChecker.h; sourceTree = "<group>"; };
		AB09E69D1A21EA51008A3D6B /* VRURLConnectionChecker.m */ = {isa = PBXFileReference; fileEncoding = 4; lastKnownFileType = sourcecode.c.objc; name = VRURLConnectionChecker.m; path = VRURLConnectionChecker/VRURLConnectionChecker.m; sourceTree = "<group>"; };
		AB09E6A11A21EA6A008A3D6B /* VRProtocolConformation.h */ = {isa = PBXFileReference; fileEncoding = 4; lastKnownFileType = sourcecode.c.h; name = VRProtocolConformation.h; path = LogAndPreconditionCheck/VRProtocolConformation.h; sourceTree = "<group>"; };
		AB09E6A21A21EA6A008A3D6B /* VRProtocolConformation.m */ = {isa = PBXFileReference; fileEncoding = 4; lastKnownFileType = sourcecode.c.objc; name = VRProtocolConformation.m; path = LogAndPreconditionCheck/VRProtocolConformation.m; sourceTree = "<group>"; };
		AB09E6A61A21EA75008A3D6B /* NSObject+VRPropertiesProcessing.h */ = {isa = PBXFileReference; fileEncoding = 4; lastKnownFileType = sourcecode.c.h; name = "NSObject+VRPropertiesProcessing.h"; path = "NSObject+VRPropertiesProcessing/NSObject+VRPropertiesProcessing.h"; sourceTree = "<group>"; };
		AB09E6A71A21EA75008A3D6B /* NSObject+VRPropertiesProcessing.m */ = {isa = PBXFileReference; fileEncoding = 4; lastKnownFileType = sourcecode.c.objc; name = "NSObject+VRPropertiesProcessing.m"; path = "NSObject+VRPropertiesProcessing/NSObject+VRPropertiesProcessing.m"; sourceTree = "<group>"; };
		AB09E6AB1A21EA82008A3D6B /* VRLog.h */ = {isa = PBXFileReference; fileEncoding = 4; lastKnownFileType = sourcecode.c.h; name = VRLog.h; path = LogAndPreconditionCheck/VRLog.h; sourceTree = "<group>"; };
		AB09E6AD1A21EA9D008A3D6B /* NSArray+VRArgument.h */ = {isa = PBXFileReference; fileEncoding = 4; lastKnownFileType = sourcecode.c.h; name = "NSArray+VRArgument.h"; path = "NSArray+VRArgument/NSArray+VRArgument.h"; sourceTree = "<group>"; };
		AB09E6AE1A21EA9D008A3D6B /* NSArray+VRArgument.m */ = {isa = PBXFileReference; fileEncoding = 4; lastKnownFileType = sourcecode.c.objc; name = "NSArray+VRArgument.m"; path = "NSArray+VRArgument/NSArray+VRArgument.m"; sourceTree = "<group>"; };
		AB10F5B518C4B1A50008A076 /* NSBundle+VRDisplayName.h */ = {isa = PBXFileReference; fileEncoding = 4; lastKnownFileType = sourcecode.c.h; path = "NSBundle+VRDisplayName.h"; sourceTree = "<group>"; };
		AB10F5B618C4B1A50008A076 /* NSBundle+VRDisplayName.m */ = {isa = PBXFileReference; fileEncoding = 4; lastKnownFileType = sourcecode.c.objc; path = "NSBundle+VRDisplayName.m"; sourceTree = "<group>"; };
		AB191D8E1AF25B1A00848990 /* VRBundledName.h */ = {isa = PBXFileReference; lastKnownFileType = sourcecode.c.h; path = VRBundledName.h; sourceTree = "<group>"; };
		AB352E1818CCDA6500F6C8B6 /* VREnum.h */ = {isa = PBXFileReference; lastKnownFileType = sourcecode.c.h; path = VREnum.h; sourceTree = "<group>"; };
		AB3CA4A418B768EA0079964E /* libVRFoundationToolkit.a */ = {isa = PBXFileReference; explicitFileType = archive.ar; includeInIndex = 0; path = libVRFoundationToolkit.a; sourceTree = BUILT_PRODUCTS_DIR; };
		AB3CA4AC18B768EA0079964E /* VRFoundationToolkit.h */ = {isa = PBXFileReference; lastKnownFileType = sourcecode.c.h; path = VRFoundationToolkit.h; sourceTree = "<group>"; };
		AB3CA4E018B770470079964E /* NSFileManager+VRDocumentsDirectory.h */ = {isa = PBXFileReference; fileEncoding = 4; lastKnownFileType = sourcecode.c.h; path = "NSFileManager+VRDocumentsDirectory.h"; sourceTree = "<group>"; };
		AB3CA4E118B770470079964E /* NSFileManager+VRDocumentsDirectory.m */ = {isa = PBXFileReference; fileEncoding = 4; lastKnownFileType = sourcecode.c.objc; path = "NSFileManager+VRDocumentsDirectory.m"; sourceTree = "<group>"; };
		AB3CA4E318B7714A0079964E /* NSCoder+VRKeyName.h */ = {isa = PBXFileReference; lastKnownFileType = sourcecode.c.h; path = "NSCoder+VRKeyName.h"; sourceTree = "<group>"; };
		AB3CA4E818B775F00079964E /* NSDate+VRDurations.h */ = {isa = PBXFileReference; fileEncoding = 4; lastKnownFileType = sourcecode.c.h; path = "NSDate+VRDurations.h"; sourceTree = "<group>"; };
		AB3CA4E918B775F00079964E /* NSDate+VRDurations.m */ = {isa = PBXFileReference; fileEncoding = 4; lastKnownFileType = sourcecode.c.objc; path = "NSDate+VRDurations.m"; sourceTree = "<group>"; };
		AB3CA4EC18B776DE0079964E /* NSString+VRMd5.h */ = {isa = PBXFileReference; fileEncoding = 4; lastKnownFileType = sourcecode.c.h; path = "NSString+VRMd5.h"; sourceTree = "<group>"; };
		AB3CA4ED18B776DE0079964E /* NSString+VRMd5.m */ = {isa = PBXFileReference; fileEncoding = 4; lastKnownFileType = sourcecode.c.objc; path = "NSString+VRMd5.m"; sourceTree = "<group>"; };
		AB3CA55F18B785200079964E /* NSArray+VRCheckMembers.h */ = {isa = PBXFileReference; fileEncoding = 4; lastKnownFileType = sourcecode.c.h; path = "NSArray+VRCheckMembers.h"; sourceTree = "<group>"; };
		AB3CA56018B785200079964E /* NSArray+VRCheckMembers.m */ = {isa = PBXFileReference; fileEncoding = 4; lastKnownFileType = sourcecode.c.objc; path = "NSArray+VRCheckMembers.m"; sourceTree = "<group>"; };
		AB3CA58518B796A10079964E /* NSMutableDictionary+VRExchangeKeys.h */ = {isa = PBXFileReference; fileEncoding = 4; lastKnownFileType = sourcecode.c.h; path = "NSMutableDictionary+VRExchangeKeys.h"; sourceTree = "<group>"; };
		AB3CA58618B796A10079964E /* NSMutableDictionary+VRExchangeKeys.m */ = {isa = PBXFileReference; fileEncoding = 4; lastKnownFileType = sourcecode.c.objc; path = "NSMutableDictionary+VRExchangeKeys.m"; sourceTree = "<group>"; };
		AB3DC1241923841E0067DFD3 /* VRTypeOf.h */ = {isa = PBXFileReference; lastKnownFileType = sourcecode.c.h; path = VRTypeOf.h; sourceTree = "<group>"; };
		AB71F4C31A0748450074AB6C /* VRComparison.h */ = {isa = PBXFileReference; lastKnownFileType = sourcecode.c.h; path = VRComparison.h; sourceTree = "<group>"; };
		AB71F4C41A0748510074AB6C /* VRComparison.m */ = {isa = PBXFileReference; fileEncoding = 4; lastKnownFileType = sourcecode.c.objc; path = VRComparison.m; sourceTree = "<group>"; };
		AB904B961C2C1AC80033B113 /* RTProtocol+VRMethods.h */ = {isa = PBXFileReference; fileEncoding = 4; lastKnownFileType = sourcecode.c.h; name = "RTProtocol+VRMethods.h"; path = "RTProtocol+VRMethods/RTProtocol+VRMethods.h"; sourceTree = "<group>"; };
		AB904B971C2C1AC80033B113 /* RTProtocol+VRMethods.m */ = {isa = PBXFileReference; fileEncoding = 4; lastKnownFileType = sourcecode.c.objc; name = "RTProtocol+VRMethods.m"; path = "RTProtocol+VRMethods/RTProtocol+VRMethods.m"; sourceTree = "<group>"; };
		AB907B7418DA09D300223363 /* libVRFoundationToolkitOSX.a */ = {isa = PBXFileReference; explicitFileType = archive.ar; includeInIndex = 0; path = libVRFoundationToolkitOSX.a; sourceTree = BUILT_PRODUCTS_DIR; };
		AB993EE71B10833B00EF4A61 /* NSOperationQueue+VRNamedBlock.h */ = {isa = PBXFileReference; fileEncoding = 4; lastKnownFileType = sourcecode.c.h; path = "NSOperationQueue+VRNamedBlock.h"; sourceTree = "<group>"; };
		AB993EE81B10833B00EF4A61 /* NSOperationQueue+VRNamedBlock.m */ = {isa = PBXFileReference; fileEncoding = 4; lastKnownFileType = sourcecode.c.objc; path = "NSOperationQueue+VRNamedBlock.m"; sourceTree = "<group>"; };
		ABC9BF2818B9A0F800C6566F /* VRSingleton.h */ = {isa = PBXFileReference; lastKnownFileType = sourcecode.c.h; path = VRSingleton.h; sourceTree = "<group>"; };
		ABD0DCA61A8B50D9003F5A2D /* NSArray+VRIndexes.h */ = {isa = PBXFileReference; fileEncoding = 4; lastKnownFileType = sourcecode.c.h; path = "NSArray+VRIndexes.h"; sourceTree = "<group>"; };
		ABD0DCA71A8B50D9003F5A2D /* NSArray+VRIndexes.m */ = {isa = PBXFileReference; fileEncoding = 4; lastKnownFileType = sourcecode.c.objc; path = "NSArray+VRIndexes.m"; sourceTree = "<group>"; };
		ABF24FC61935D10500236CE6 /* NSTimer+VRWithBlock.h */ = {isa = PBXFileReference; fileEncoding = 4; lastKnownFileType = sourcecode.c.h; path = "NSTimer+VRWithBlock.h"; sourceTree = "<group>"; };
		ABF24FC71935D10500236CE6 /* NSTimer+VRWithBlock.m */ = {isa = PBXFileReference; fileEncoding = 4; lastKnownFileType = sourcecode.c.objc; path = "NSTimer+VRWithBlock.m"; sourceTree = "<group>"; };
/* End PBXFileReference section */

/* Begin PBXFrameworksBuildPhase section */
		AB3CA4A118B768EA0079964E /* Frameworks */ = {
			isa = PBXFrameworksBuildPhase;
			buildActionMask = 2147483647;
			files = (
			);
			runOnlyForDeploymentPostprocessing = 0;
		};
		AB907B7118DA09D300223363 /* Frameworks */ = {
			isa = PBXFrameworksBuildPhase;
			buildActionMask = 2147483647;
			files = (
			);
			runOnlyForDeploymentPostprocessing = 0;
		};
/* End PBXFrameworksBuildPhase section */

/* Begin PBXGroup section */
		AB03521F18D07890006C69D0 /* VRURLConnectionChecker */ = {
			isa = PBXGroup;
			children = (
				AB09E69C1A21EA51008A3D6B /* VRURLConnectionChecker.h */,
				AB09E69D1A21EA51008A3D6B /* VRURLConnectionChecker.m */,
			);
			name = VRURLConnectionChecker;
			sourceTree = "<group>";
		};
		AB10F5B118C4B1000008A076 /* NSBundle+VRDisplayName */ = {
			isa = PBXGroup;
			children = (
				AB10F5B518C4B1A50008A076 /* NSBundle+VRDisplayName.h */,
				AB10F5B618C4B1A50008A076 /* NSBundle+VRDisplayName.m */,
			);
			name = "NSBundle+VRDisplayName";
			sourceTree = "<group>";
		};
		AB3CA49B18B768EA0079964E = {
			isa = PBXGroup;
			children = (
				AB3CA4A918B768EA0079964E /* VRFoundationToolkit */,
				AB3CA4A518B768EA0079964E /* Products */,
			);
			sourceTree = "<group>";
		};
		AB3CA4A518B768EA0079964E /* Products */ = {
			isa = PBXGroup;
			children = (
				AB3CA4A418B768EA0079964E /* libVRFoundationToolkit.a */,
				AB907B7418DA09D300223363 /* libVRFoundationToolkitOSX.a */,
			);
			name = Products;
			sourceTree = "<group>";
		};
		AB3CA4A918B768EA0079964E /* VRFoundationToolkit */ = {
			isa = PBXGroup;
			children = (
				AB3CA4AC18B768EA0079964E /* VRFoundationToolkit.h */,
				AB3CA4CD18B769690079964E /* Functions and categories */,
			);
			path = VRFoundationToolkit;
			sourceTree = "<group>";
		};
		AB3CA4CD18B769690079964E /* Functions and categories */ = {
			isa = PBXGroup;
			children = (
				AB993EE61B1082FF00EF4A61 /* NSOperationQueue+VRNamedBlock */,
				AB71F4C21A0748180074AB6C /* VRComparison */,
				AB03521F18D07890006C69D0 /* VRURLConnectionChecker */,
				AB3CA58818B797090079964E /* NSMutableDictionary+VRExchangeKeys */,
				AB3CA56218B785740079964E /* NSArray */,
				AB3CA4EF18B779190079964E /* NSString+VRMd5 */,
				AB3CA4EB18B7764A0079964E /* NSDate+VRDurations */,
				AB3CA4DF18B770270079964E /* NSFileManager+VRDocumentsDirectory */,
				AB3CA4F318B77A830079964E /* Protocols */,
				AB909D5018BDC88700EF2795 /* NSObject+VRPropertiesProcessing */,
				AB10F5B118C4B1000008A076 /* NSBundle+VRDisplayName */,
				ABF24FCB1935D10C00236CE6 /* NSTimer+VRWithBlock */,
				AB09E6AB1A21EA82008A3D6B /* VRLog.h */,
				AB352E1818CCDA6500F6C8B6 /* VREnum.h */,
				AB3DC1241923841E0067DFD3 /* VRTypeOf.h */,
				AB3CA4E318B7714A0079964E /* NSCoder+VRKeyName.h */,
				ABC9BF2818B9A0F800C6566F /* VRSingleton.h */,
				AB191D8E1AF25B1A00848990 /* VRBundledName.h */,
				AB00F0611B47C60B0029EE47 /* VRRandom.h */,
			);
			name = "Functions and categories";
			sourceTree = "<group>";
		};
		AB3CA4DF18B770270079964E /* NSFileManager+VRDocumentsDirectory */ = {
			isa = PBXGroup;
			children = (
				AB3CA4E018B770470079964E /* NSFileManager+VRDocumentsDirectory.h */,
				AB3CA4E118B770470079964E /* NSFileManager+VRDocumentsDirectory.m */,
			);
			name = "NSFileManager+VRDocumentsDirectory";
			sourceTree = "<group>";
		};
		AB3CA4EB18B7764A0079964E /* NSDate+VRDurations */ = {
			isa = PBXGroup;
			children = (
				AB3CA4E818B775F00079964E /* NSDate+VRDurations.h */,
				AB3CA4E918B775F00079964E /* NSDate+VRDurations.m */,
			);
			name = "NSDate+VRDurations";
			sourceTree = "<group>";
		};
		AB3CA4EF18B779190079964E /* NSString+VRMd5 */ = {
			isa = PBXGroup;
			children = (
				AB3CA4EC18B776DE0079964E /* NSString+VRMd5.h */,
				AB3CA4ED18B776DE0079964E /* NSString+VRMd5.m */,
			);
			name = "NSString+VRMd5";
			sourceTree = "<group>";
		};
		AB3CA4F318B77A830079964E /* Protocols */ = {
			isa = PBXGroup;
			children = (
				AB904B961C2C1AC80033B113 /* RTProtocol+VRMethods.h */,
				AB904B971C2C1AC80033B113 /* RTProtocol+VRMethods.m */,
				AB09E6A11A21EA6A008A3D6B /* VRProtocolConformation.h */,
				AB09E6A21A21EA6A008A3D6B /* VRProtocolConformation.m */,
			);
			name = Protocols;
			sourceTree = "<group>";
		};
		AB3CA56218B785740079964E /* NSArray */ = {
			isa = PBXGroup;
			children = (
				AB3CA55F18B785200079964E /* NSArray+VRCheckMembers.h */,
				AB3CA56018B785200079964E /* NSArray+VRCheckMembers.m */,
				AB09E6AD1A21EA9D008A3D6B /* NSArray+VRArgument.h */,
				AB09E6AE1A21EA9D008A3D6B /* NSArray+VRArgument.m */,
				ABD0DCA61A8B50D9003F5A2D /* NSArray+VRIndexes.h */,
				ABD0DCA71A8B50D9003F5A2D /* NSArray+VRIndexes.m */,
			);
			name = NSArray;
			sourceTree = "<group>";
		};
		AB3CA58818B797090079964E /* NSMutableDictionary+VRExchangeKeys */ = {
			isa = PBXGroup;
			children = (
				AB3CA58518B796A10079964E /* NSMutableDictionary+VRExchangeKeys.h */,
				AB3CA58618B796A10079964E /* NSMutableDictionary+VRExchangeKeys.m */,
			);
			name = "NSMutableDictionary+VRExchangeKeys";
			sourceTree = "<group>";
		};
		AB71F4C21A0748180074AB6C /* VRComparison */ = {
			isa = PBXGroup;
			children = (
				AB71F4C31A0748450074AB6C /* VRComparison.h */,
				AB71F4C41A0748510074AB6C /* VRComparison.m */,
			);
			name = VRComparison;
			sourceTree = "<group>";
		};
		AB909D5018BDC88700EF2795 /* NSObject+VRPropertiesProcessing */ = {
			isa = PBXGroup;
			children = (
				AB09E6A61A21EA75008A3D6B /* NSObject+VRPropertiesProcessing.h */,
				AB09E6A71A21EA75008A3D6B /* NSObject+VRPropertiesProcessing.m */,
			);
			name = "NSObject+VRPropertiesProcessing";
			sourceTree = "<group>";
		};
		AB993EE61B1082FF00EF4A61 /* NSOperationQueue+VRNamedBlock */ = {
			isa = PBXGroup;
			children = (
				AB993EE71B10833B00EF4A61 /* NSOperationQueue+VRNamedBlock.h */,
				AB993EE81B10833B00EF4A61 /* NSOperationQueue+VRNamedBlock.m */,
			);
			name = "NSOperationQueue+VRNamedBlock";
			sourceTree = "<group>";
		};
		ABF24FCB1935D10C00236CE6 /* NSTimer+VRWithBlock */ = {
			isa = PBXGroup;
			children = (
				ABF24FC61935D10500236CE6 /* NSTimer+VRWithBlock.h */,
				ABF24FC71935D10500236CE6 /* NSTimer+VRWithBlock.m */,
			);
			name = "NSTimer+VRWithBlock";
			sourceTree = "<group>";
		};
/* End PBXGroup section */

/* Begin PBXHeadersBuildPhase section */
		AB907B7218DA09D300223363 /* Headers */ = {
			isa = PBXHeadersBuildPhase;
			buildActionMask = 2147483647;
			files = (
				AB993EF21B10937A00EF4A61 /* NSArray+VRArgument.h in Headers */,
				AB993EF11B10937600EF4A61 /* NSArray+VRCheckMembers.h in Headers */,
				AB993EF31B10937E00EF4A61 /* NSArray+VRIndexes.h in Headers */,
				AB993EF51B10938500EF4A61 /* NSString+VRMd5.h in Headers */,
				AB993EF71B10938E00EF4A61 /* NSFileManager+VRDocumentsDirectory.h in Headers */,
				AB993EF61B10938900EF4A61 /* NSDate+VRDurations.h in Headers */,
				AB993EFA1B1093AD00EF4A61 /* VRLog.h in Headers */,
				AB993EF91B1093A100EF4A61 /* NSBundle+VRDisplayName.h in Headers */,
				AB09E6A81A21EA75008A3D6B /* NSObject+VRPropertiesProcessing.h in Headers */,
				AB993EFE1B1093AE00EF4A61 /* VRSingleton.h in Headers */,
				AB993EFD1B1093AE00EF4A61 /* NSCoder+VRKeyName.h in Headers */,
				AB904B981C2C1AC80033B113 /* RTProtocol+VRMethods.h in Headers */,
				AB09E69E1A21EA51008A3D6B /* VRURLConnectionChecker.h in Headers */,
				ABF24FC81935D10500236CE6 /* NSTimer+VRWithBlock.h in Headers */,
				AB993EEE1B10935900EF4A61 /* NSOperationQueue+VRNamedBlock.h in Headers */,
				AB993EFB1B1093AE00EF4A61 /* VREnum.h in Headers */,
				AB993EF01B10936D00EF4A61 /* NSMutableDictionary+VRExchangeKeys.h in Headers */,
				AB993EFC1B1093AE00EF4A61 /* VRTypeOf.h in Headers */,
				AB09E6A31A21EA6A008A3D6B /* VRProtocolConformation.h in Headers */,
				AB993EFF1B1093AE00EF4A61 /* VRBundledName.h in Headers */,
				AB993EEC1B10935200EF4A61 /* VRComparison.h in Headers */,
			);
			runOnlyForDeploymentPostprocessing = 0;
		};
/* End PBXHeadersBuildPhase section */

/* Begin PBXNativeTarget section */
		AB3CA4A318B768EA0079964E /* VRFoundationToolkit */ = {
			isa = PBXNativeTarget;
			buildConfigurationList = AB3CA4C718B768EA0079964E /* Build configuration list for PBXNativeTarget "VRFoundationToolkit" */;
			buildPhases = (
				AB3CA4A018B768EA0079964E /* Sources */,
				AB3CA4A118B768EA0079964E /* Frameworks */,
				AB3CA4A218B768EA0079964E /* CopyFiles */,
			);
			buildRules = (
			);
			dependencies = (
			);
			name = VRFoundationToolkit;
			productName = VRFoundationToolkit;
			productReference = AB3CA4A418B768EA0079964E /* libVRFoundationToolkit.a */;
			productType = "com.apple.product-type.library.static";
		};
		AB907B7318DA09D300223363 /* VRFoundationToolkitOSX */ = {
			isa = PBXNativeTarget;
			buildConfigurationList = AB907B9318DA09D300223363 /* Build configuration list for PBXNativeTarget "VRFoundationToolkitOSX" */;
			buildPhases = (
				AB907B7018DA09D300223363 /* Sources */,
				AB907B7118DA09D300223363 /* Frameworks */,
				AB907B7218DA09D300223363 /* Headers */,
			);
			buildRules = (
			);
			dependencies = (
			);
			name = VRFoundationToolkitOSX;
			productName = VRFoundationToolkitOSX;
			productReference = AB907B7418DA09D300223363 /* libVRFoundationToolkitOSX.a */;
			productType = "com.apple.product-type.library.static";
		};
/* End PBXNativeTarget section */

/* Begin PBXProject section */
		AB3CA49C18B768EA0079964E /* Project object */ = {
			isa = PBXProject;
			attributes = {
				LastUpgradeCheck = 0510;
				ORGANIZATIONNAME = "Ivan Rublev http://ivanrublev.me";
			};
			buildConfigurationList = AB3CA49F18B768EA0079964E /* Build configuration list for PBXProject "VRFoundationToolkit" */;
			compatibilityVersion = "Xcode 3.2";
			developmentRegion = English;
			hasScannedForEncodings = 0;
			knownRegions = (
				en,
			);
			mainGroup = AB3CA49B18B768EA0079964E;
			productRefGroup = AB3CA4A518B768EA0079964E /* Products */;
			projectDirPath = "";
			projectRoot = "";
			targets = (
				AB3CA4A318B768EA0079964E /* VRFoundationToolkit */,
				AB907B7318DA09D300223363 /* VRFoundationToolkitOSX */,
			);
		};
/* End PBXProject section */

/* Begin PBXSourcesBuildPhase section */
		AB3CA4A018B768EA0079964E /* Sources */ = {
			isa = PBXSourcesBuildPhase;
			buildActionMask = 2147483647;
			files = (
				AB10F5B718C4B1A50008A076 /* NSBundle+VRDisplayName.m in Sources */,
				AB3CA58718B796A10079964E /* NSMutableDictionary+VRExchangeKeys.m in Sources */,
				AB993EE91B10833B00EF4A61 /* NSOperationQueue+VRNamedBlock.m in Sources */,
				ABF24FC91935D10500236CE6 /* NSTimer+VRWithBlock.m in Sources */,
				AB3CA4E218B770470079964E /* NSFileManager+VRDocumentsDirectory.m in Sources */,
				AB09E6A41A21EA6A008A3D6B /* VRProtocolConformation.m in Sources */,
				ABD0DCA81A8B50D9003F5A2D /* NSArray+VRIndexes.m in Sources */,
				AB3CA4EE18B776DE0079964E /* NSString+VRMd5.m in Sources */,
				AB3CA4EA18B775F00079964E /* NSDate+VRDurations.m in Sources */,
				AB904B991C2C1AC80033B113 /* RTProtocol+VRMethods.m in Sources */,
				AB3CA56118B785200079964E /* NSArray+VRCheckMembers.m in Sources */,
				AB09E6B01A21EA9D008A3D6B /* NSArray+VRArgument.m in Sources */,
				AB09E69F1A21EA51008A3D6B /* VRURLConnectionChecker.m in Sources */,
				AB71F4C51A0748510074AB6C /* VRComparison.m in Sources */,
				AB09E6A91A21EA75008A3D6B /* NSObject+VRPropertiesProcessing.m in Sources */,
			);
			runOnlyForDeploymentPostprocessing = 0;
		};
		AB907B7018DA09D300223363 /* Sources */ = {
			isa = PBXSourcesBuildPhase;
			buildActionMask = 2147483647;
			files = (
				AB09E6AA1A21EA75008A3D6B /* NSObject+VRPropertiesProcessing.m in Sources */,
				AB09E6A01A21EA51008A3D6B /* VRURLConnectionChecker.m in Sources */,
				AB09E6B11A21EA9D008A3D6B /* NSArray+VRArgument.m in Sources */,
				AB09E6A51A21EA6A008A3D6B /* VRProtocolConformation.m in Sources */,
				AB907BA118DA138400223363 /* NSMutableDictionary+VRExchangeKeys.m in Sources */,
				AB907BA218DA138400223363 /* NSArray+VRCheckMembers.m in Sources */,
				ABF24FCA1935D10500236CE6 /* NSTimer+VRWithBlock.m in Sources */,
				AB907BA318DA138400223363 /* NSString+VRMd5.m in Sources */,
				AB907BA418DA138400223363 /* NSDate+VRDurations.m in Sources */,
				AB904B9A1C2C1AC80033B113 /* RTProtocol+VRMethods.m in Sources */,
				AB907BA518DA138400223363 /* NSFileManager+VRDocumentsDirectory.m in Sources */,
				AB993EF41B10938100EF4A61 /* NSArray+VRIndexes.m in Sources */,
				AB993EED1B10935500EF4A61 /* VRComparison.m in Sources */,
				AB993EEF1B10935B00EF4A61 /* NSOperationQueue+VRNamedBlock.m in Sources */,
				AB907BA818DA138400223363 /* NSBundle+VRDisplayName.m in Sources */,
			);
			runOnlyForDeploymentPostprocessing = 0;
		};
/* End PBXSourcesBuildPhase section */

/* Begin XCBuildConfiguration section */
		AB3CA4C518B768EA0079964E /* Debug */ = {
			isa = XCBuildConfiguration;
			buildSettings = {
				ALWAYS_SEARCH_USER_PATHS = NO;
				CLANG_CXX_LANGUAGE_STANDARD = "gnu++0x";
				CLANG_CXX_LIBRARY = "libc++";
				CLANG_ENABLE_MODULES = YES;
				CLANG_ENABLE_OBJC_ARC = YES;
				CLANG_WARN_BOOL_CONVERSION = YES;
				CLANG_WARN_CONSTANT_CONVERSION = YES;
				CLANG_WARN_DIRECT_OBJC_ISA_USAGE = YES_ERROR;
				CLANG_WARN_EMPTY_BODY = YES;
				CLANG_WARN_ENUM_CONVERSION = YES;
				CLANG_WARN_INT_CONVERSION = YES;
				CLANG_WARN_OBJC_ROOT_CLASS = YES_ERROR;
				CLANG_WARN__DUPLICATE_METHOD_MATCH = YES;
				COPY_PHASE_STRIP = NO;
				GCC_C_LANGUAGE_STANDARD = gnu99;
				GCC_DYNAMIC_NO_PIC = NO;
				GCC_OPTIMIZATION_LEVEL = 0;
				GCC_PREPROCESSOR_DEFINITIONS = (
					"DEBUG=1",
					"$(inherited)",
				);
				GCC_SYMBOLS_PRIVATE_EXTERN = NO;
				GCC_WARN_64_TO_32_BIT_CONVERSION = YES;
				GCC_WARN_ABOUT_RETURN_TYPE = YES_ERROR;
				GCC_WARN_UNDECLARED_SELECTOR = YES;
				GCC_WARN_UNINITIALIZED_AUTOS = YES;
				GCC_WARN_UNUSED_FUNCTION = YES;
				GCC_WARN_UNUSED_VARIABLE = YES;
				HEADER_SEARCH_PATHS = (
					"$(inherited)",
					/Applications/Xcode.app/Contents/Developer/Toolchains/XcodeDefault.xctoolchain/usr/include,
					"./**",
				);
				IPHONEOS_DEPLOYMENT_TARGET = 6.0;
				ONLY_ACTIVE_ARCH = YES;
				OTHER_LDFLAGS = "";
				SDKROOT = iphoneos;
				STRIP_STYLE = debugging;
				VALID_ARCHS = "armv7 armv7s arm64";
			};
			name = Debug;
		};
		AB3CA4C618B768EA0079964E /* Release */ = {
			isa = XCBuildConfiguration;
			buildSettings = {
				ALWAYS_SEARCH_USER_PATHS = NO;
				CLANG_CXX_LANGUAGE_STANDARD = "gnu++0x";
				CLANG_CXX_LIBRARY = "libc++";
				CLANG_ENABLE_MODULES = YES;
				CLANG_ENABLE_OBJC_ARC = YES;
				CLANG_WARN_BOOL_CONVERSION = YES;
				CLANG_WARN_CONSTANT_CONVERSION = YES;
				CLANG_WARN_DIRECT_OBJC_ISA_USAGE = YES_ERROR;
				CLANG_WARN_EMPTY_BODY = YES;
				CLANG_WARN_ENUM_CONVERSION = YES;
				CLANG_WARN_INT_CONVERSION = YES;
				CLANG_WARN_OBJC_ROOT_CLASS = YES_ERROR;
				CLANG_WARN__DUPLICATE_METHOD_MATCH = YES;
				COPY_PHASE_STRIP = YES;
				ENABLE_NS_ASSERTIONS = NO;
				GCC_C_LANGUAGE_STANDARD = gnu99;
				GCC_WARN_64_TO_32_BIT_CONVERSION = YES;
				GCC_WARN_ABOUT_RETURN_TYPE = YES_ERROR;
				GCC_WARN_UNDECLARED_SELECTOR = YES;
				GCC_WARN_UNINITIALIZED_AUTOS = YES;
				GCC_WARN_UNUSED_FUNCTION = YES;
				GCC_WARN_UNUSED_VARIABLE = YES;
				HEADER_SEARCH_PATHS = (
					"$(inherited)",
					/Applications/Xcode.app/Contents/Developer/Toolchains/XcodeDefault.xctoolchain/usr/include,
					"./**",
				);
				IPHONEOS_DEPLOYMENT_TARGET = 6.0;
				OTHER_LDFLAGS = "";
				SDKROOT = iphoneos;
				STRIP_STYLE = debugging;
				VALIDATE_PRODUCT = YES;
				VALID_ARCHS = "armv7 armv7s arm64";
			};
			name = Release;
		};
		AB3CA4C818B768EA0079964E /* Debug */ = {
			isa = XCBuildConfiguration;
			buildSettings = {
				DSTROOT = /tmp/VRFoundationToolkit.dst;
				OTHER_LDFLAGS = "-ObjC";
				PRODUCT_NAME = "$(TARGET_NAME)";
				SDKROOT = "$(inherited)";
				SKIP_INSTALL = YES;
				SUPPORTED_PLATFORMS = "iphonesimulator iphoneos";
			};
			name = Debug;
		};
		AB3CA4C918B768EA0079964E /* Release */ = {
			isa = XCBuildConfiguration;
			buildSettings = {
				DSTROOT = /tmp/VRFoundationToolkit.dst;
				OTHER_LDFLAGS = "-ObjC";
				PRODUCT_NAME = "$(TARGET_NAME)";
				SDKROOT = "$(inherited)";
				SKIP_INSTALL = YES;
				SUPPORTED_PLATFORMS = "iphonesimulator iphoneos";
			};
			name = Release;
		};
		AB907B9418DA09D300223363 /* Debug */ = {
			isa = XCBuildConfiguration;
			buildSettings = {
				FRAMEWORK_SEARCH_PATHS = (
					"$(inherited)",
					"$(DEVELOPER_FRAMEWORKS_DIR)",
				);
				GCC_ENABLE_OBJC_EXCEPTIONS = YES;
				GCC_PREPROCESSOR_DEFINITIONS = (
					"DEBUG=1",
					"$(inherited)",
				);
				GCC_WARN_UNINITIALIZED_AUTOS = YES_AGGRESSIVE;
				MACOSX_DEPLOYMENT_TARGET = 10.6;
				OTHER_LDFLAGS = "$(inherited)";
				PRODUCT_NAME = "$(TARGET_NAME)";
				SDKROOT = macosx;
				VALID_ARCHS = x86_64;
			};
			name = Debug;
		};
		AB907B9518DA09D300223363 /* Release */ = {
			isa = XCBuildConfiguration;
			buildSettings = {
				DEBUG_INFORMATION_FORMAT = "dwarf-with-dsym";
				FRAMEWORK_SEARCH_PATHS = (
					"$(inherited)",
					"$(DEVELOPER_FRAMEWORKS_DIR)",
				);
				GCC_ENABLE_OBJC_EXCEPTIONS = YES;
				GCC_WARN_UNINITIALIZED_AUTOS = YES_AGGRESSIVE;
				MACOSX_DEPLOYMENT_TARGET = 10.6;
				OTHER_LDFLAGS = "$(inherited)";
				PRODUCT_NAME = "$(TARGET_NAME)";
				SDKROOT = macosx;
				VALID_ARCHS = x86_64;
			};
			name = Release;
		};
/* End XCBuildConfiguration section */

/* Begin XCConfigurationList section */
		AB3CA49F18B768EA0079964E /* Build configuration list for PBXProject "VRFoundationToolkit" */ = {
			isa = XCConfigurationList;
			buildConfigurations = (
				AB3CA4C518B768EA0079964E /* Debug */,
				AB3CA4C618B768EA0079964E /* Release */,
			);
			defaultConfigurationIsVisible = 0;
			defaultConfigurationName = Release;
		};
		AB3CA4C718B768EA0079964E /* Build configuration list for PBXNativeTarget "VRFoundationToolkit" */ = {
			isa = XCConfigurationList;
			buildConfigurations = (
				AB3CA4C818B768EA0079964E /* Debug */,
				AB3CA4C918B768EA0079964E /* Release */,
			);
			defaultConfigurationIsVisible = 0;
			defaultConfigurationName = Release;
		};
		AB907B9318DA09D300223363 /* Build configuration list for PBXNativeTarget "VRFoundationToolkitOSX" */ = {
			isa = XCConfigurationList;
			buildConfigurations = (
				AB907B9418DA09D300223363 /* Debug */,
				AB907B9518DA09D300223363 /* Release */,
			);
			defaultConfigurationIsVisible = 0;
			defaultConfigurationName = Release;
		};
/* End XCConfigurationList section */
	};
	rootObject = AB3CA49C18B768EA0079964E /* Project object */;
}
